
Microsoft Visual Studio Solution File, Format Version 12.00
# Visual Studio Version 16
VisualStudioVersion = 16.0.29025.244
MinimumVisualStudioVersion = 10.0.40219.1
Project("{9A19103F-16F7-4668-BE54-9A1E7A4F7556}") = "xFunc.Maths", "xFunc.Maths\xFunc.Maths.csproj", "{57EB60D3-32A1-4625-937E-AC270DA6A9A4}"
EndProject
Project("{9A19103F-16F7-4668-BE54-9A1E7A4F7556}") = "xFunc.Tests", "xFunc.Tests\xFunc.Tests.csproj", "{A4C3E90E-647D-4DA8-BA97-C9034C301D37}"
EndProject
Project("{9A19103F-16F7-4668-BE54-9A1E7A4F7556}") = "xFunc.DotnetTool", "xFunc.DotnetTool\xFunc.DotnetTool.csproj", "{907CDF76-60C1-4894-9CB3-496FFFF92E13}"
EndProject
Project("{9A19103F-16F7-4668-BE54-9A1E7A4F7556}") = "xFunc.Benchmark", "xFunc.Benchmark\xFunc.Benchmark.csproj", "{EC5FB562-9BFE-4BD9-A3E4-666D3021AF1F}"
EndProject
Project("{2150E333-8FDC-42A3-9474-1A3956D46DE8}") = "Solution Items", "Solution Items", "{E123ED4D-6784-4285-8DA0-C68865EA7E90}"
	ProjectSection(SolutionItems) = preProject
		.editorconfig = .editorconfig
		xFunc Grammar.txt = xFunc Grammar.txt
		xFunc.ruleset = xFunc.ruleset
		.stylecop.json = .stylecop.json
		Directory.Build.targets = Directory.Build.targets
		Directory.Packages.props = Directory.Packages.props
		runsettings.xml = runsettings.xml
	EndProjectSection
EndProject
Project("{2150E333-8FDC-42A3-9474-1A3956D46DE8}") = "CI", "CI", "{7D6A31E3-42CF-49E7-A0D2-657A460388BC}"
ProjectSection(SolutionItems) = preProject
	CI\azure-pipelines.yml = CI\azure-pipelines.yml
	CI\codecov.yml = CI\codecov.yml
EndProjectSection
EndProject
Project("{FAE04EC0-301F-11D3-BF4B-00C04F79EFBC}") = "xFunc.TrimTest", "xFunc.TrimTest\xFunc.TrimTest.csproj", "{C487368F-E25F-4EF6-B6F7-4485205E36E7}"
EndProject
Global
	GlobalSection(SolutionConfigurationPlatforms) = preSolution
		Debug|Any CPU = Debug|Any CPU
		Release|Any CPU = Release|Any CPU
	EndGlobalSection
	GlobalSection(ProjectConfigurationPlatforms) = postSolution
		{57EB60D3-32A1-4625-937E-AC270DA6A9A4}.Debug|Any CPU.ActiveCfg = Debug|Any CPU
		{57EB60D3-32A1-4625-937E-AC270DA6A9A4}.Debug|Any CPU.Build.0 = Debug|Any CPU
		{57EB60D3-32A1-4625-937E-AC270DA6A9A4}.Release|Any CPU.ActiveCfg = Release|Any CPU
		{57EB60D3-32A1-4625-937E-AC270DA6A9A4}.Release|Any CPU.Build.0 = Release|Any CPU
		{A4C3E90E-647D-4DA8-BA97-C9034C301D37}.Debug|Any CPU.ActiveCfg = Debug|Any CPU
		{A4C3E90E-647D-4DA8-BA97-C9034C301D37}.Debug|Any CPU.Build.0 = Debug|Any CPU
		{A4C3E90E-647D-4DA8-BA97-C9034C301D37}.Release|Any CPU.ActiveCfg = Release|Any CPU
		{A4C3E90E-647D-4DA8-BA97-C9034C301D37}.Release|Any CPU.Build.0 = Release|Any CPU
		{907CDF76-60C1-4894-9CB3-496FFFF92E13}.Debug|Any CPU.ActiveCfg = Debug|Any CPU
		{907CDF76-60C1-4894-9CB3-496FFFF92E13}.Debug|Any CPU.Build.0 = Debug|Any CPU
		{907CDF76-60C1-4894-9CB3-496FFFF92E13}.Release|Any CPU.ActiveCfg = Release|Any CPU
		{907CDF76-60C1-4894-9CB3-496FFFF92E13}.Release|Any CPU.Build.0 = Release|Any CPU
		{EC5FB562-9BFE-4BD9-A3E4-666D3021AF1F}.Debug|Any CPU.ActiveCfg = Debug|Any CPU
		{EC5FB562-9BFE-4BD9-A3E4-666D3021AF1F}.Debug|Any CPU.Build.0 = Debug|Any CPU
		{EC5FB562-9BFE-4BD9-A3E4-666D3021AF1F}.Release|Any CPU.ActiveCfg = Release|Any CPU
		{EC5FB562-9BFE-4BD9-A3E4-666D3021AF1F}.Release|Any CPU.Build.0 = Release|Any CPU
		{C487368F-E25F-4EF6-B6F7-4485205E36E7}.Debug|Any CPU.ActiveCfg = Debug|Any CPU
		{C487368F-E25F-4EF6-B6F7-4485205E36E7}.Debug|Any CPU.Build.0 = Debug|Any CPU
		{C487368F-E25F-4EF6-B6F7-4485205E36E7}.Release|Any CPU.ActiveCfg = Release|Any CPU
		{C487368F-E25F-4EF6-B6F7-4485205E36E7}.Release|Any CPU.Build.0 = Release|Any CPU
	EndGlobalSection
	GlobalSection(SolutionProperties) = preSolution
		HideSolutionNode = FALSE
	EndGlobalSection
	GlobalSection(ExtensibilityGlobals) = postSolution
		SolutionGuid = {028E8ACD-15B2-427A-86B7-72750EDC6F0F}
	EndGlobalSection
	GlobalSection(NestedProjects) = preSolution
		{7D6A31E3-42CF-49E7-A0D2-657A460388BC} = {E123ED4D-6784-4285-8DA0-C68865EA7E90}
	EndGlobalSection
EndGlobal
