
Microsoft Visual Studio Solution File, Format Version 12.00
# Visual Studio 2013
VisualStudioVersion = 12.0.20617.1 PREVIEW
MinimumVisualStudioVersion = 10.0.40219.1
Project("{2150E333-8FDC-42A3-9474-1A3956D46DE8}") = "Solution Items", "Solution Items", "{716F4D54-B652-4140-9275-5CEA8054C7B2}"
	ProjectSection(SolutionItems) = preProject
		Local.testsettings = Local.testsettings
		TraceAndTestImpact.testsettings = TraceAndTestImpact.testsettings
		xFunc.vsmdi = xFunc.vsmdi
	EndProjectSection
EndProject
Project("{FAE04EC0-301F-11D3-BF4B-00C04F79EFBC}") = "xFunc.Test (Portable)", "xFunc.Test\xFunc.Test (Portable).csproj", "{E762246C-21B2-47D9-9D80-54E9E0ED3150}"
EndProject
Project("{FAE04EC0-301F-11D3-BF4B-00C04F79EFBC}") = "xFunc.Logics (Portable)", "xFunc.Logics\xFunc.Logics (Portable).csproj", "{83B0D9FF-8CD7-4BFF-BAC1-CBA217106F67}"
EndProject
Project("{FAE04EC0-301F-11D3-BF4B-00C04F79EFBC}") = "xFunc.Maths (Portable)", "xFunc.Maths\xFunc.Maths (Portable).csproj", "{B3EBDDB0-2F08-4CCC-BEDE-5F26F36B9602}"
EndProject
Global
	GlobalSection(TestCaseManagementSettings) = postSolution
		CategoryFile = xFunc.vsmdi
	EndGlobalSection
	GlobalSection(SolutionConfigurationPlatforms) = preSolution
		Debug|Any CPU = Debug|Any CPU
		Release|Any CPU = Release|Any CPU
	EndGlobalSection
	GlobalSection(ProjectConfigurationPlatforms) = postSolution
		{E762246C-21B2-47D9-9D80-54E9E0ED3150}.Debug|Any CPU.ActiveCfg = Debug|Any CPU
		{E762246C-21B2-47D9-9D80-54E9E0ED3150}.Debug|Any CPU.Build.0 = Debug|Any CPU
		{E762246C-21B2-47D9-9D80-54E9E0ED3150}.Release|Any CPU.ActiveCfg = Release|Any CPU
		{E762246C-21B2-47D9-9D80-54E9E0ED3150}.Release|Any CPU.Build.0 = Release|Any CPU
		{83B0D9FF-8CD7-4BFF-BAC1-CBA217106F67}.Debug|Any CPU.ActiveCfg = Debug|Any CPU
		{83B0D9FF-8CD7-4BFF-BAC1-CBA217106F67}.Debug|Any CPU.Build.0 = Debug|Any CPU
		{83B0D9FF-8CD7-4BFF-BAC1-CBA217106F67}.Release|Any CPU.ActiveCfg = Release|Any CPU
		{83B0D9FF-8CD7-4BFF-BAC1-CBA217106F67}.Release|Any CPU.Build.0 = Release|Any CPU
		{B3EBDDB0-2F08-4CCC-BEDE-5F26F36B9602}.Debug|Any CPU.ActiveCfg = Debug|Any CPU
		{B3EBDDB0-2F08-4CCC-BEDE-5F26F36B9602}.Debug|Any CPU.Build.0 = Debug|Any CPU
		{B3EBDDB0-2F08-4CCC-BEDE-5F26F36B9602}.Release|Any CPU.ActiveCfg = Release|Any CPU
		{B3EBDDB0-2F08-4CCC-BEDE-5F26F36B9602}.Release|Any CPU.Build.0 = Release|Any CPU
	EndGlobalSection
	GlobalSection(SolutionProperties) = preSolution
		HideSolutionNode = FALSE
	EndGlobalSection
EndGlobal
