
Microsoft Visual Studio Solution File, Format Version 12.00
# Visual Studio 14
VisualStudioVersion = 14.0.23107.0
MinimumVisualStudioVersion = 10.0.40219.1
Project("{FAE04EC0-301F-11D3-BF4B-00C04F79EFBC}") = "xFunc", "xFunc\xFunc.csproj", "{ADF55CFC-F01F-4F6E-9B62-3894AA1D7247}"
EndProject
Project("{FAE04EC0-301F-11D3-BF4B-00C04F79EFBC}") = "xFunc.Tests (.Net 4.0)", "xFunc.Test\xFunc.Tests (.Net 4.0).csproj", "{E762246C-21B2-47D9-9D80-54E9E0ED3150}"
EndProject
Project("{2150E333-8FDC-42A3-9474-1A3956D46DE8}") = "Solution Items", "Solution Items", "{716F4D54-B652-4140-9275-5CEA8054C7B2}"
	ProjectSection(SolutionItems) = preProject
		key.pfx = key.pfx
		SharedCode\SharedAssemblyInfo.cs = SharedCode\SharedAssemblyInfo.cs
	EndProjectSection
EndProject
Project("{FAE04EC0-301F-11D3-BF4B-00C04F79EFBC}") = "xFunc.Maths (.Net 4.0)", "xFunc.Maths\xFunc.Maths (.Net 4.0).csproj", "{91AD4FBF-D01A-4BD3-B3E9-CAF885CC208C}"
EndProject
Project("{FAE04EC0-301F-11D3-BF4B-00C04F79EFBC}") = "xFunc.Logics (.Net 4.0)", "xFunc.Logics\xFunc.Logics (.Net 4.0).csproj", "{DFC61417-F3CC-47D5-B2DE-4029BE939A4C}"
EndProject
Project("{FAE04EC0-301F-11D3-BF4B-00C04F79EFBC}") = "xFunc.UnitConverters (.Net 4.0)", "xFunc.UnitConverters\xFunc.UnitConverters (.Net 4.0).csproj", "{2ECAAD28-E0CE-40BE-8EB0-0D055C908133}"
EndProject
Global
	GlobalSection(SolutionConfigurationPlatforms) = preSolution
		Debug|Any CPU = Debug|Any CPU
		Release|Any CPU = Release|Any CPU
	EndGlobalSection
	GlobalSection(ProjectConfigurationPlatforms) = postSolution
		{ADF55CFC-F01F-4F6E-9B62-3894AA1D7247}.Debug|Any CPU.ActiveCfg = Debug|x86
		{ADF55CFC-F01F-4F6E-9B62-3894AA1D7247}.Debug|Any CPU.Build.0 = Debug|x86
		{ADF55CFC-F01F-4F6E-9B62-3894AA1D7247}.Release|Any CPU.ActiveCfg = Release|x86
		{E762246C-21B2-47D9-9D80-54E9E0ED3150}.Debug|Any CPU.ActiveCfg = Debug|Any CPU
		{E762246C-21B2-47D9-9D80-54E9E0ED3150}.Debug|Any CPU.Build.0 = Debug|Any CPU
		{E762246C-21B2-47D9-9D80-54E9E0ED3150}.Release|Any CPU.ActiveCfg = Release|Any CPU
		{E762246C-21B2-47D9-9D80-54E9E0ED3150}.Release|Any CPU.Build.0 = Release|Any CPU
		{91AD4FBF-D01A-4BD3-B3E9-CAF885CC208C}.Debug|Any CPU.ActiveCfg = Debug|Any CPU
		{91AD4FBF-D01A-4BD3-B3E9-CAF885CC208C}.Debug|Any CPU.Build.0 = Debug|Any CPU
		{91AD4FBF-D01A-4BD3-B3E9-CAF885CC208C}.Release|Any CPU.ActiveCfg = Release|Any CPU
		{91AD4FBF-D01A-4BD3-B3E9-CAF885CC208C}.Release|Any CPU.Build.0 = Release|Any CPU
		{DFC61417-F3CC-47D5-B2DE-4029BE939A4C}.Debug|Any CPU.ActiveCfg = Debug|Any CPU
		{DFC61417-F3CC-47D5-B2DE-4029BE939A4C}.Debug|Any CPU.Build.0 = Debug|Any CPU
		{DFC61417-F3CC-47D5-B2DE-4029BE939A4C}.Release|Any CPU.ActiveCfg = Release|Any CPU
		{DFC61417-F3CC-47D5-B2DE-4029BE939A4C}.Release|Any CPU.Build.0 = Release|Any CPU
		{2ECAAD28-E0CE-40BE-8EB0-0D055C908133}.Debug|Any CPU.ActiveCfg = Debug|Any CPU
		{2ECAAD28-E0CE-40BE-8EB0-0D055C908133}.Debug|Any CPU.Build.0 = Debug|Any CPU
		{2ECAAD28-E0CE-40BE-8EB0-0D055C908133}.Release|Any CPU.ActiveCfg = Release|Any CPU
		{2ECAAD28-E0CE-40BE-8EB0-0D055C908133}.Release|Any CPU.Build.0 = Release|Any CPU
	EndGlobalSection
	GlobalSection(SolutionProperties) = preSolution
		HideSolutionNode = FALSE
	EndGlobalSection
	GlobalSection(TestCaseManagementSettings) = postSolution
		CategoryFile = xFunc.vsmdi
	EndGlobalSection
EndGlobal
